
Microsoft Visual Studio Solution File, Format Version 12.00
# Visual Studio 14
VisualStudioVersion = 14.0.25420.1
MinimumVisualStudioVersion = 10.0.40219.1
Project("{FAE04EC0-301F-11D3-BF4B-00C04F79EFBC}") = "DataAccess", "DataAccess\DataAccess.csproj", "{B89EF530-5C42-409E-853E-DC690F775EEF}"
EndProject
Project("{FAE04EC0-301F-11D3-BF4B-00C04F79EFBC}") = "DataAccessTest", "DataAccessTest\DataAccessTest.csproj", "{44324BEC-DB90-4AA1-8BD2-A8542515D0A8}"
EndProject
Project("{FAE04EC0-301F-11D3-BF4B-00C04F79EFBC}") = "Domain", "Domain\Domain.csproj", "{7E329E35-4B23-405D-A216-A08C5CC550BC}"
EndProject
Project("{FAE04EC0-301F-11D3-BF4B-00C04F79EFBC}") = "ClientModel", "ClientModel\ClientModel.csproj", "{7205C73B-4E52-45A7-99A4-6F2C89414368}"
EndProject
Project("{FAE04EC0-301F-11D3-BF4B-00C04F79EFBC}") = "WCFService", "WCFService\WCFService.csproj", "{0EEE2AE5-E12A-4629-AE42-8E1E25083E1C}"
EndProject
Global
	GlobalSection(SolutionConfigurationPlatforms) = preSolution
		Debug|Any CPU = Debug|Any CPU
		Release|Any CPU = Release|Any CPU
	EndGlobalSection
	GlobalSection(ProjectConfigurationPlatforms) = postSolution
		{B89EF530-5C42-409E-853E-DC690F775EEF}.Debug|Any CPU.ActiveCfg = Debug|Any CPU
		{B89EF530-5C42-409E-853E-DC690F775EEF}.Debug|Any CPU.Build.0 = Debug|Any CPU
		{B89EF530-5C42-409E-853E-DC690F775EEF}.Release|Any CPU.ActiveCfg = Release|Any CPU
		{B89EF530-5C42-409E-853E-DC690F775EEF}.Release|Any CPU.Build.0 = Release|Any CPU
		{44324BEC-DB90-4AA1-8BD2-A8542515D0A8}.Debug|Any CPU.ActiveCfg = Debug|Any CPU
		{44324BEC-DB90-4AA1-8BD2-A8542515D0A8}.Debug|Any CPU.Build.0 = Debug|Any CPU
		{44324BEC-DB90-4AA1-8BD2-A8542515D0A8}.Release|Any CPU.ActiveCfg = Release|Any CPU
		{44324BEC-DB90-4AA1-8BD2-A8542515D0A8}.Release|Any CPU.Build.0 = Release|Any CPU
		{7E329E35-4B23-405D-A216-A08C5CC550BC}.Debug|Any CPU.ActiveCfg = Debug|Any CPU
		{7E329E35-4B23-405D-A216-A08C5CC550BC}.Debug|Any CPU.Build.0 = Debug|Any CPU
		{7E329E35-4B23-405D-A216-A08C5CC550BC}.Release|Any CPU.ActiveCfg = Release|Any CPU
		{7E329E35-4B23-405D-A216-A08C5CC550BC}.Release|Any CPU.Build.0 = Release|Any CPU
		{7205C73B-4E52-45A7-99A4-6F2C89414368}.Debug|Any CPU.ActiveCfg = Debug|Any CPU
		{7205C73B-4E52-45A7-99A4-6F2C89414368}.Debug|Any CPU.Build.0 = Debug|Any CPU
		{7205C73B-4E52-45A7-99A4-6F2C89414368}.Release|Any CPU.ActiveCfg = Release|Any CPU
		{7205C73B-4E52-45A7-99A4-6F2C89414368}.Release|Any CPU.Build.0 = Release|Any CPU
		{0EEE2AE5-E12A-4629-AE42-8E1E25083E1C}.Debug|Any CPU.ActiveCfg = Debug|Any CPU
		{0EEE2AE5-E12A-4629-AE42-8E1E25083E1C}.Debug|Any CPU.Build.0 = Debug|Any CPU
		{0EEE2AE5-E12A-4629-AE42-8E1E25083E1C}.Release|Any CPU.ActiveCfg = Release|Any CPU
		{0EEE2AE5-E12A-4629-AE42-8E1E25083E1C}.Release|Any CPU.Build.0 = Release|Any CPU
	EndGlobalSection
	GlobalSection(SolutionProperties) = preSolution
		HideSolutionNode = FALSE
	EndGlobalSection
EndGlobal
